
Microsoft Visual Studio Solution File, Format Version 12.00
# Visual Studio Version 17
VisualStudioVersion = 17.8.34309.116
MinimumVisualStudioVersion = 10.0.40219.1
Project("{FAE04EC0-301F-11D3-BF4B-00C04F79EFBC}") = "Sample_WebAPI", "Sample_WebAPI.csproj", "{AD609CF5-3DD8-4158-8B9F-17ACD2356770}"
EndProject
Global
	GlobalSection(SolutionConfigurationPlatforms) = preSolution
		Debug|Any CPU = Debug|Any CPU
		Release|Any CPU = Release|Any CPU
	EndGlobalSection
	GlobalSection(ProjectConfigurationPlatforms) = postSolution
		{AD609CF5-3DD8-4158-8B9F-17ACD2356770}.Debug|Any CPU.ActiveCfg = Debug|Any CPU
		{AD609CF5-3DD8-4158-8B9F-17ACD2356770}.Debug|Any CPU.Build.0 = Debug|Any CPU
		{AD609CF5-3DD8-4158-8B9F-17ACD2356770}.Release|Any CPU.ActiveCfg = Release|Any CPU
		{AD609CF5-3DD8-4158-8B9F-17ACD2356770}.Release|Any CPU.Build.0 = Release|Any CPU
	EndGlobalSection
	GlobalSection(SolutionProperties) = preSolution
		HideSolutionNode = FALSE
	EndGlobalSection
	GlobalSection(ExtensibilityGlobals) = postSolution
		SolutionGuid = {4702FDAF-F49A-4CD1-ABC5-5B1B9F0F5A82}
	EndGlobalSection
EndGlobal
